{
  "originHash" : "848323fcba6667dc69ef0127b4987d6167fe6ce8e3e2208769e4f25ff94443b7",
  "pins" : [
    {
      "identity" : "keyboardshortcuts",
      "kind" : "remoteSourceControl",
      "location" : "https://github.com/sindresorhus/KeyboardShortcuts",
      "state" : {
        "revision" : "49c3fc04ea827f816df67843bfcc57286b47ff06",
        "version" : "3.0.1"
      }
    },
    {
      "identity" : "posthog-ios",
      "kind" : "remoteSourceControl",
      "location" : "https://github.com/PostHog/posthog-ios.git",
      "state" : {
        "revision" : "2771b92c2e7b5471c196d24d5bc4997e26cafbcd",
        "version" : "3.81.0"
      }
    }
  ],
  "version" : 3
}
